{
  "version": 4,
  "terraform_version": "1.5.1",
  "serial": 1358,
  "lineage": "b02e0330-0b2c-78bd-9502-7615197c2322",
  "outputs": {},
  "resources": [
    {
      "mode": "data",
      "type": "yandex_compute_image",
      "name": "debian-11",
      "provider": "provider[\"registry.terraform.io/yandex-cloud/yandex\"]",
      "instances": [
        {
          "schema_version": 0,
          "attributes": {
            "created_at": "2023-07-10T10:51:30Z",
            "description": "debian 11",
            "family": "debian-11",
            "folder_id": "standard-images",
            "id": "fd843htdp8usqsiji0bb",
            "image_id": "fd843htdp8usqsiji0bb",
            "labels": {},
            "min_disk_size": 3,
            "name": "debian-11-v20230710",
            "os_type": "linux",
            "pooled": true,
            "product_ids": [
              "f2ep3encuo4c70l4jvok"
            ],
            "size": 2,
            "status": "ready"
          },
          "sensitive_attributes": []
        }
      ]
    },
    {
      "mode": "managed",
      "type": "yandex_alb_http_router",
      "name": "http_router",
      "provider": "provider[\"registry.terraform.io/yandex-cloud/yandex\"]",
      "instances": [
        {
          "schema_version": 0,
          "attributes": {
            "created_at": "2023-07-11T18:11:46Z",
            "description": "",
            "folder_id": "b1gtnfglcemgv6rir8et",
            "id": "ds7pec64l46n4u7dmfi9",
            "labels": {},
            "name": "http-router",
            "route_options": [],
            "timeouts": null
          },
          "sensitive_attributes": [],
          "private": "eyJlMmJmYjczMC1lY2FhLTExZTYtOGY4OC0zNDM2M2JjN2M0YzAiOnsiY3JlYXRlIjozMDAwMDAwMDAwMDAsImRlbGV0ZSI6MzAwMDAwMDAwMDAwLCJ1cGRhdGUiOjMwMDAwMDAwMDAwMH19"
        }
      ]
    },
    {
      "mode": "managed",
      "type": "yandex_alb_load_balancer",
      "name": "load_balancer",
      "provider": "provider[\"registry.terraform.io/yandex-cloud/yandex\"]",
      "instances": [
        {
          "schema_version": 0,
          "attributes": {
            "allocation_policy": [
              {
                "location": [
                  {
                    "disable_traffic": false,
                    "subnet_id": "e9br86cl6g136pnuc680",
                    "zone_id": "ru-central1-a"
                  }
                ]
              }
            ],
            "created_at": "2023-07-11T18:11:49Z",
            "description": "",
            "folder_id": "b1gtnfglcemgv6rir8et",
            "id": "ds7mgfjei0v7j8bdcnas",
            "labels": {},
            "listener": [
              {
                "endpoint": [
                  {
                    "address": [
                      {
                        "external_ipv4_address": [
                          {
                            "address": "158.160.47.58"
                          }
                        ],
                        "external_ipv6_address": [],
                        "internal_ipv4_address": []
                      }
                    ],
                    "ports": [
                      80
                    ]
                  }
                ],
                "http": [
                  {
                    "handler": [
                      {
                        "allow_http10": false,
                        "http2_options": [],
                        "http_router_id": "ds7pec64l46n4u7dmfi9",
                        "rewrite_request_id": false
                      }
                    ],
                    "redirects": []
                  }
                ],
                "name": "listener",
                "stream": [],
                "tls": []
              }
            ],
            "log_group_id": "ckg2a90kivpg44kf7stc",
            "log_options": [],
            "name": "load-balancer",
            "network_id": "enpshnd80kun75e4kkke",
            "region_id": "",
            "security_group_ids": [
              "enpe0n8clnvr5apguab5"
            ],
            "status": "active",
            "timeouts": null
          },
          "sensitive_attributes": [],
          "private": "eyJlMmJmYjczMC1lY2FhLTExZTYtOGY4OC0zNDM2M2JjN2M0YzAiOnsiY3JlYXRlIjo2MDAwMDAwMDAwMDAsImRlbGV0ZSI6NjAwMDAwMDAwMDAwLCJ1cGRhdGUiOjYwMDAwMDAwMDAwMH19",
          "dependencies": [
            "yandex_alb_http_router.http_router",
            "yandex_vpc_network.default",
            "yandex_vpc_security_group.group-alb",
            "yandex_vpc_subnet.ru-central1-a"
          ]
        }
      ]
    },
    {
      "mode": "managed",
      "type": "yandex_compute_instance",
      "name": "HOST-1",
      "provider": "provider[\"registry.terraform.io/yandex-cloud/yandex\"]",
      "instances": [
        {
          "schema_version": 1,
          "attributes": {
            "allow_recreate": null,
            "allow_stopping_for_update": null,
            "boot_disk": [
              {
                "auto_delete": true,
                "device_name": "fhmupnerpngo9d4h98pa",
                "disk_id": "fhmupnerpngo9d4h98pa",
                "initialize_params": [
                  {
                    "block_size": 4096,
                    "description": "",
                    "image_id": "fd843htdp8usqsiji0bb",
                    "name": "",
                    "size": 15,
                    "snapshot_id": "",
                    "type": "network-ssd"
                  }
                ],
                "mode": "READ_WRITE"
              }
            ],
            "created_at": "2023-07-11T18:11:52Z",
            "description": "",
            "filesystem": [],
            "folder_id": "b1gtnfglcemgv6rir8et",
            "fqdn": "web-1.ru-central1.internal",
            "gpu_cluster_id": "",
            "hostname": "web-1",
            "id": "fhm6vtuenmn4pp8hcasu",
            "labels": {},
            "local_disk": [],
            "metadata": {
              "user-data": "#cloud-config\r\nusers:\r\n  - name: admin\r\n    groups: sudo\r\n    shell: /bin/bash\r\n    sudo: ['ALL=(ALL) NOPASSWD:ALL']\r\n    ssh-authorized-keys:\r\n      - ssh-rsa AAAAB3NzaC1yc2EAAAADAQABAAABgQD264nYBdIjZYniSv9aqrguBHxijB9RUoo0oJ9Vio4ycnuar3EKSsBvYqyE2WL4/uZWpPeGcU1+bt+n3sJHMIWkLdS3oh8zL9X5X/aa3KmTIt1dYq3QWjMzXe4QA9dgMe+OHtBP9llGqd+uz+euAY9Vu+IShypspGF9YBNFUELjiTPw+mOihsME1dMl+UE/5W0G7A8OwgS+cxMtmjNQhBUEIx1A4pSffE2thRV26OMOPi16WmZtZrxpZvnCMSARPr4+Sf9XL2G+eDORkx9kdHLWMGwkhKjs61QUPC5XoJeP0rvuR5IhjTYGlI0v6FwRCDyfyuk8uh22qtJ8wAYF+QbziFGZV+jyy/vdEBrdQTWheLSsrMDiKwAniiSa7KqkGJjcJ2afh1gsopIkJU58GDZPuwRn+O8imW6wuP9QpkMl/pJiL9nmv+acqtTxcIAIFYU64pb+mdSuDDYD5TNj20rjMcRKz2RZRO2EM3enllWEhVPhOSunUP0n4ovW+zAwV/8= admin@ansible-2\r\n      - ssh-rsa AAAAB3NzaC1yc2EAAAABJQAAAQEAjejITxfOxontCPFAE/vfMvd5pLX+SRFKzeePgkGuZv93xcrtqvMlfBelwzJGKjPEgzC0eC+VXyc22gz3gHYMsPXhs5cbUKPelcVt4pBPyObDqLZTDS5U9+KGl9aEWaYy6IiRsSrOIAHlhLrK6Emqub88AVSJkeFccU0FFUmRleTW3AS/7p2YRIVAjKqJP9eTxKsGIdtDl7EdbXpMosBQFFbIs5RaTSygu1sfntKLxvlV9U4C6y3Zl0Hak5LMc0WqnSCNm5IOVcip9V3uZaDie5FiVO+lDFV+P0VztasamYnV+D/rkodZTqvt5uOGCEiVIJvp9foEHrUC3YAiEnCBCw== rsa-key-20230623\r\n      - ssh-rsa AAAAB3NzaC1yc2EAAAADAQABAAABgQCoV/J6eceGIPwdRwacC6EmYEGFsCcTngMJ6uCi6AlYS4xccCpelbPDVcxBoaTyJLn1JS2vmOhI38VP4NsRFY3RnPksinQbv2HbccxLRCfwuYpk1FR0BGaZAEwApOAwBqIFXKMRWJIyXWumjl/bf/f6jpXT0XjokRfaBls8WDLFIHc8pzQ1opQUuTPQ4Fk2MyAiMq4BQm63hwFHkNhWwCKYpoJJYaiNx80yn0jAHZU64YLsmjRzWKhK54w9reHtRGkXMnlow7a62u8ZZ5+ls1avZbB24mIqzT/n5nduhrb8q+dNpJstPzmJCATGN/6Q7qbD579ej+qIVek96Oc/gkYXA/3EC++dsO+j2vx/KtN8u2Cbs9SXZh67nqVPOQWJVbMcFHTmq23Kqm4CDMvUz8Me/9g3xKKSsMUzAcX3cwvzO2fhhnKgUQGWeHs7FAH/+iRWbS6VWWCO7MezXLS06CAaLUaoj3nOad77D3CZeNG4zPdqjBXBeaHLDNynXuVt+B0= admin@ansible\r\n      - ssh-rsa AAAAB3NzaC1yc2EAAAADAQABAAABgQDGrD5E8M/QPoaWdaCGDvdVNMxoz7mcW4BHpCUFf4PwwVkPzmYI4ux04FtzlaxqrIQdkwltRguoRu48hE7uicEpaQMHaXDxZshq7yA8q2DVboy2NEpCNs6OBf7PumH7tnL1QeK52euYNe4Qbu+LRjOuE6A8jX9d2j85Agm03luVlJ4iozNTGxcuF+qNUtzJ2Fz8zKfcS5ITHpu2/9zmHdQrcC53hGaOCS8KuMnTtxaKsTwq5hehmke43jf6X7lBodHSr9EanmqOjZmJX/7NdMRwv+su0aqljvFSXHZnkEuPwywlAWRWtkDzlVCkEVT5aybo/ieFSeJ7nzRpn7XoJy7iC9tD+StoFhPOZl2FEV+bcQ/N/bc3iX1dpwzTHwnGHuj525I4R5gNsnYuhapoWLDarSrnek2UPhLEgIMONA6TW7L2tXzyNc8n5my0SvnS2UA7+PoC0EW4oDKctYP7G0eHehFDcV0rgbnp/6d9maQBWb8hGF0M4Uh6vcXOv73G54U= root@ansible\r\n"
            },
            "metadata_options": [
              {
                "aws_v1_http_endpoint": 1,
                "aws_v1_http_token": 2,
                "gce_http_endpoint": 1,
                "gce_http_token": 1
              }
            ],
            "name": "web-1",
            "network_acceleration_type": "standard",
            "network_interface": [
              {
                "dns_record": [],
                "index": 0,
                "ip_address": "192.168.1.24",
                "ipv4": true,
                "ipv6": false,
                "ipv6_address": "",
                "ipv6_dns_record": [],
                "mac_address": "d0:0d:6f:f7:ce:bd",
                "nat": true,
                "nat_dns_record": [],
                "nat_ip_address": "158.160.41.134",
                "nat_ip_version": "IPV4",
                "security_group_ids": [
                  "enpegvvg2cgrigi9rcum",
                  "enphlq1l1tmlar0t1hpl"
                ],
                "subnet_id": "e9br86cl6g136pnuc680"
              }
            ],
            "placement_policy": [
              {
                "host_affinity_rules": [],
                "placement_group_id": ""
              }
            ],
            "platform_id": "standard-v1",
            "resources": [
              {
                "core_fraction": 20,
                "cores": 2,
                "gpus": 0,
                "memory": 2
              }
            ],
            "scheduling_policy": [
              {
                "preemptible": false
              }
            ],
            "secondary_disk": [],
            "service_account_id": "",
            "status": "running",
            "timeouts": {
              "create": "10m",
              "delete": "10m",
              "update": null
            },
            "zone": "ru-central1-a"
          },
          "sensitive_attributes": [],
          "private": "eyJlMmJmYjczMC1lY2FhLTExZTYtOGY4OC0zNDM2M2JjN2M0YzAiOnsiY3JlYXRlIjo2MDAwMDAwMDAwMDAsImRlbGV0ZSI6NjAwMDAwMDAwMDAwLCJ1cGRhdGUiOjMwMDAwMDAwMDAwMH0sInNjaGVtYV92ZXJzaW9uIjoiMSJ9",
          "dependencies": [
            "data.yandex_compute_image.debian-11",
            "yandex_vpc_network.default",
            "yandex_vpc_security_group.group-ssh",
            "yandex_vpc_security_group.group-web",
            "yandex_vpc_subnet.ru-central1-a"
          ]
        }
      ]
    },
    {
      "mode": "managed",
      "type": "yandex_vpc_network",
      "name": "default",
      "provider": "provider[\"registry.terraform.io/yandex-cloud/yandex\"]",
      "instances": [
        {
          "schema_version": 0,
          "attributes": {
            "created_at": "2023-07-11T18:11:46Z",
            "default_security_group_id": "",
            "description": "",
            "folder_id": "b1gtnfglcemgv6rir8et",
            "id": "enpshnd80kun75e4kkke",
            "labels": {},
            "name": "ya-network",
            "subnet_ids": [
              "b0c19als6ma7vfg01m3b",
              "e2li5juam61006j9s1tk",
              "e9br86cl6g136pnuc680"
            ],
            "timeouts": null
          },
          "sensitive_attributes": [],
          "private": "eyJlMmJmYjczMC1lY2FhLTExZTYtOGY4OC0zNDM2M2JjN2M0YzAiOnsiY3JlYXRlIjo2MDAwMDAwMDAwMCwiZGVsZXRlIjo2MDAwMDAwMDAwMCwidXBkYXRlIjo2MDAwMDAwMDAwMH19"
        }
      ]
    },
    {
      "mode": "managed",
      "type": "yandex_vpc_security_group",
      "name": "group-alb",
      "provider": "provider[\"registry.terraform.io/yandex-cloud/yandex\"]",
      "instances": [
        {
          "schema_version": 0,
          "attributes": {
            "created_at": "2023-07-11T18:11:48Z",
            "description": "",
            "egress": [
              {
                "description": "",
                "from_port": 0,
                "id": "enpfj4fnstafde2vu890",
                "labels": {},
                "port": -1,
                "predefined_target": "",
                "protocol": "ANY",
                "security_group_id": "",
                "to_port": 65535,
                "v4_cidr_blocks": [
                  "0.0.0.0/0"
                ],
                "v6_cidr_blocks": []
              }
            ],
            "folder_id": "b1gtnfglcemgv6rir8et",
            "id": "enpe0n8clnvr5apguab5",
            "ingress": [
              {
                "description": "",
                "from_port": 0,
                "id": "enp9g8mhdabu4psf75nj",
                "labels": {},
                "port": -1,
                "predefined_target": "",
                "protocol": "TCP",
                "security_group_id": "",
                "to_port": 65535,
                "v4_cidr_blocks": [
                  "0.0.0.0/0"
                ],
                "v6_cidr_blocks": []
              }
            ],
            "labels": {},
            "name": "ALB",
            "network_id": "enpshnd80kun75e4kkke",
            "status": "ACTIVE",
            "timeouts": null
          },
          "sensitive_attributes": [],
          "private": "eyJlMmJmYjczMC1lY2FhLTExZTYtOGY4OC0zNDM2M2JjN2M0YzAiOnsiY3JlYXRlIjoxODAwMDAwMDAwMDAsImRlbGV0ZSI6MTgwMDAwMDAwMDAwLCJ1cGRhdGUiOjE4MDAwMDAwMDAwMH19",
          "dependencies": [
            "yandex_vpc_network.default"
          ]
        }
      ]
    },
    {
      "mode": "managed",
      "type": "yandex_vpc_security_group",
      "name": "group-ssh",
      "provider": "provider[\"registry.terraform.io/yandex-cloud/yandex\"]",
      "instances": [
        {
          "schema_version": 0,
          "attributes": {
            "created_at": "2023-07-11T18:11:51Z",
            "description": "",
            "egress": [],
            "folder_id": "b1gtnfglcemgv6rir8et",
            "id": "enphlq1l1tmlar0t1hpl",
            "ingress": [
              {
                "description": "",
                "from_port": -1,
                "id": "enpctr74ukj3010183jj",
                "labels": {},
                "port": 22,
                "predefined_target": "",
                "protocol": "TCP",
                "security_group_id": "",
                "to_port": -1,
                "v4_cidr_blocks": [
                  "0.0.0.0/0"
                ],
                "v6_cidr_blocks": []
              },
              {
                "description": "",
                "from_port": 0,
                "id": "enp1n7a9g3igmoegle5g",
                "labels": {},
                "port": -1,
                "predefined_target": "",
                "protocol": "ICMP",
                "security_group_id": "",
                "to_port": 65535,
                "v4_cidr_blocks": [
                  "0.0.0.0/0"
                ],
                "v6_cidr_blocks": []
              }
            ],
            "labels": {},
            "name": "ssh",
            "network_id": "enpshnd80kun75e4kkke",
            "status": "ACTIVE",
            "timeouts": null
          },
          "sensitive_attributes": [],
          "private": "eyJlMmJmYjczMC1lY2FhLTExZTYtOGY4OC0zNDM2M2JjN2M0YzAiOnsiY3JlYXRlIjoxODAwMDAwMDAwMDAsImRlbGV0ZSI6MTgwMDAwMDAwMDAwLCJ1cGRhdGUiOjE4MDAwMDAwMDAwMH19",
          "dependencies": [
            "yandex_vpc_network.default"
          ]
        }
      ]
    },
    {
      "mode": "managed",
      "type": "yandex_vpc_security_group",
      "name": "group-web",
      "provider": "provider[\"registry.terraform.io/yandex-cloud/yandex\"]",
      "instances": [
        {
          "schema_version": 0,
          "attributes": {
            "created_at": "2023-07-11T18:11:50Z",
            "description": "",
            "egress": [
              {
                "description": "",
                "from_port": 0,
                "id": "enpnbo253r8oao5vdgbd",
                "labels": {},
                "port": -1,
                "predefined_target": "",
                "protocol": "ANY",
                "security_group_id": "",
                "to_port": 65535,
                "v4_cidr_blocks": [
                  "0.0.0.0/0"
                ],
                "v6_cidr_blocks": []
              }
            ],
            "folder_id": "b1gtnfglcemgv6rir8et",
            "id": "enpegvvg2cgrigi9rcum",
            "ingress": [
              {
                "description": "",
                "from_port": -1,
                "id": "enpd32f5r39lgbv017is",
                "labels": {},
                "port": 4040,
                "predefined_target": "",
                "protocol": "TCP",
                "security_group_id": "",
                "to_port": -1,
                "v4_cidr_blocks": [
                  "0.0.0.0/0"
                ],
                "v6_cidr_blocks": []
              },
              {
                "description": "",
                "from_port": -1,
                "id": "enpe0rpa9f94db14vcdu",
                "labels": {},
                "port": 80,
                "predefined_target": "",
                "protocol": "TCP",
                "security_group_id": "",
                "to_port": -1,
                "v4_cidr_blocks": [
                  "0.0.0.0/0"
                ],
                "v6_cidr_blocks": []
              },
              {
                "description": "",
                "from_port": -1,
                "id": "enphvfpeoqh4egspsbq9",
                "labels": {},
                "port": 9100,
                "predefined_target": "",
                "protocol": "TCP",
                "security_group_id": "",
                "to_port": -1,
                "v4_cidr_blocks": [
                  "0.0.0.0/0"
                ],
                "v6_cidr_blocks": []
              }
            ],
            "labels": {},
            "name": "web",
            "network_id": "enpshnd80kun75e4kkke",
            "status": "ACTIVE",
            "timeouts": null
          },
          "sensitive_attributes": [],
          "private": "eyJlMmJmYjczMC1lY2FhLTExZTYtOGY4OC0zNDM2M2JjN2M0YzAiOnsiY3JlYXRlIjoxODAwMDAwMDAwMDAsImRlbGV0ZSI6MTgwMDAwMDAwMDAwLCJ1cGRhdGUiOjE4MDAwMDAwMDAwMH19",
          "dependencies": [
            "yandex_vpc_network.default"
          ]
        }
      ]
    },
    {
      "mode": "managed",
      "type": "yandex_vpc_subnet",
      "name": "ru-central1-a",
      "provider": "provider[\"registry.terraform.io/yandex-cloud/yandex\"]",
      "instances": [
        {
          "schema_version": 0,
          "attributes": {
            "created_at": "2023-07-11T18:11:48Z",
            "description": "",
            "dhcp_options": [],
            "folder_id": "b1gtnfglcemgv6rir8et",
            "id": "e9br86cl6g136pnuc680",
            "labels": {},
            "name": "subnet-a",
            "network_id": "enpshnd80kun75e4kkke",
            "route_table_id": "",
            "timeouts": null,
            "v4_cidr_blocks": [
              "192.168.1.0/24"
            ],
            "v6_cidr_blocks": [],
            "zone": "ru-central1-a"
          },
          "sensitive_attributes": [],
          "private": "eyJlMmJmYjczMC1lY2FhLTExZTYtOGY4OC0zNDM2M2JjN2M0YzAiOnsiY3JlYXRlIjoxODAwMDAwMDAwMDAsImRlbGV0ZSI6MTgwMDAwMDAwMDAwLCJ1cGRhdGUiOjE4MDAwMDAwMDAwMH19",
          "dependencies": [
            "yandex_vpc_network.default"
          ]
        }
      ]
    },
    {
      "mode": "managed",
      "type": "yandex_vpc_subnet",
      "name": "ru-central1-b",
      "provider": "provider[\"registry.terraform.io/yandex-cloud/yandex\"]",
      "instances": [
        {
          "schema_version": 0,
          "attributes": {
            "created_at": "2023-07-11T18:11:47Z",
            "description": "",
            "dhcp_options": [],
            "folder_id": "b1gtnfglcemgv6rir8et",
            "id": "e2li5juam61006j9s1tk",
            "labels": {},
            "name": "subnet-b",
            "network_id": "enpshnd80kun75e4kkke",
            "route_table_id": "",
            "timeouts": null,
            "v4_cidr_blocks": [
              "192.168.2.0/24"
            ],
            "v6_cidr_blocks": [],
            "zone": "ru-central1-b"
          },
          "sensitive_attributes": [],
          "private": "eyJlMmJmYjczMC1lY2FhLTExZTYtOGY4OC0zNDM2M2JjN2M0YzAiOnsiY3JlYXRlIjoxODAwMDAwMDAwMDAsImRlbGV0ZSI6MTgwMDAwMDAwMDAwLCJ1cGRhdGUiOjE4MDAwMDAwMDAwMH19",
          "dependencies": [
            "yandex_vpc_network.default"
          ]
        }
      ]
    },
    {
      "mode": "managed",
      "type": "yandex_vpc_subnet",
      "name": "ru-central1-c",
      "provider": "provider[\"registry.terraform.io/yandex-cloud/yandex\"]",
      "instances": [
        {
          "schema_version": 0,
          "attributes": {
            "created_at": "2023-07-11T18:11:48Z",
            "description": "",
            "dhcp_options": [],
            "folder_id": "b1gtnfglcemgv6rir8et",
            "id": "b0c19als6ma7vfg01m3b",
            "labels": {},
            "name": "subnet-c",
            "network_id": "enpshnd80kun75e4kkke",
            "route_table_id": "",
            "timeouts": null,
            "v4_cidr_blocks": [
              "192.168.3.0/24"
            ],
            "v6_cidr_blocks": [],
            "zone": "ru-central1-c"
          },
          "sensitive_attributes": [],
          "private": "eyJlMmJmYjczMC1lY2FhLTExZTYtOGY4OC0zNDM2M2JjN2M0YzAiOnsiY3JlYXRlIjoxODAwMDAwMDAwMDAsImRlbGV0ZSI6MTgwMDAwMDAwMDAwLCJ1cGRhdGUiOjE4MDAwMDAwMDAwMH19",
          "dependencies": [
            "yandex_vpc_network.default"
          ]
        }
      ]
    }
  ],
  "check_results": null
}
